# THIS IS AN AUTOGENERATED FILE. DO NOT EDIT THIS FILE DIRECTLY.
# yarn lockfile v1


"@sindresorhus/is@^2.1.0":
  version "2.1.0"
  resolved "https://registry.yarnpkg.com/@sindresorhus/is/-/is-2.1.0.tgz#6ad4ca610f696098e92954ab431ff83bea0ce13f"
  integrity sha512-lXKXfypKo644k4Da4yXkPCrwcvn6SlUW2X2zFbuflKHNjf0w9htru01bo26uMhleMXsDmnZ12eJLdrAZa9MANg==

"@types/node@^13.7.2":
  version "13.7.2"
  resolved "https://registry.yarnpkg.com/@types/node/-/node-13.7.2.tgz#50375b95b5845a34efda2ffb3a087c7becbc46c6"
  integrity sha512-uvilvAQbdJvnSBFcKJ2td4016urcGvsiR+N4dHGU87ml8O2Vl6l+ErOi9w0kXSPiwJ1AYlIW+0pDXDWWMOiWbw==

"@types/omit-empty@^1.0.0":
  version "1.0.0"
  resolved "https://registry.yarnpkg.com/@types/omit-empty/-/omit-empty-1.0.0.tgz#87aa562926d2ed317913739173cbc145422753b4"
  integrity sha512-vzLi+bAKVhpI3URcUEmBmBw9m+MVGi9zaYP/qbb6B6o0SSW3u4HgoS+sWKfmnSEf+LQlDFmjf542yZlY29pf6A==

abort-controller@^3.0.0:
  version "3.0.0"
  resolved "https://registry.yarnpkg.com/abort-controller/-/abort-controller-3.0.0.tgz#eaf54d53b62bae4138e809ca225c8439a6efb392"
  integrity sha512-h8lQ8tacZYnR3vNQTgibj+tODHI5/+l06Au2Pcriv/Gmet0eaj4TwWH41sO9wnHDiQsEj19q0drzdWdeAHtweg==
  dependencies:
    event-target-shim "^5.0.0"

event-target-shim@^5.0.0:
  version "5.0.1"
  resolved "https://registry.yarnpkg.com/event-target-shim/-/event-target-shim-5.0.1.tgz#5d4d3ebdf9583d63a5333ce2deb7480ab2b05789"
  integrity sha512-i/2XbnSz/uxRCU6+NdVJgKWDTM427+MqYbkQzD321DuCQJUqOuJKIA0IM2+W2xtYHdKOmZ4dR6fExsd4SXL+WQ==

kind-of@^6.0.2:
  version "6.0.3"
  resolved "https://registry.yarnpkg.com/kind-of/-/kind-of-6.0.3.tgz#07c05034a6c349fa06e24fa35aa76db4580ce4dd"
  integrity sha512-dcS1ul+9tmeD95T+x28/ehLgd9mENa3LsvDTtzm3vyBEO7RPptvAD+t44WVXaUjTBRcrpFeFlC8WCruUR456hw==

ky-universal@^0.4.0:
  version "0.4.0"
  resolved "https://registry.yarnpkg.com/ky-universal/-/ky-universal-0.4.0.tgz#c764e0a5dfffe8552840cd796e2dc4d84e991c4c"
  integrity sha512-nKKjiRq88tvs6BLHN2O6lfydsLSP4mKoPLITxfchCl/Z1kNGUMedCZ8sxxljeXG3XhUGF5a4dKwv+bHcZ/oDHA==
  dependencies:
    abort-controller "^3.0.0"
    node-fetch "^2.6.0"

ky@^0.17.0:
  version "0.17.0"
  resolved "https://registry.yarnpkg.com/ky/-/ky-0.17.0.tgz#c1c464bd5e88217fb75ccadcee146497a8ea2f13"
  integrity sha512-WSDBoSr9IWJOJOIGdsVbngyFrbAkCE3Nvwa4KLF77jWiKVm2zpMUQKSqaq6bZ/4V3ez8F2ggKDMaKXnteZY+ag==

map-age-cleaner@^0.1.1:
  version "0.1.3"
  resolved "https://registry.yarnpkg.com/map-age-cleaner/-/map-age-cleaner-0.1.3.tgz#7d583a7306434c055fe474b0f45078e6e1b4b92a"
  integrity sha512-bJzx6nMoP6PDLPBFmg7+xRKeFZvFboMrGlxmNj9ClvX53KrmvM5bXFXEWjbz4cz1AFn+jWJ9z/DJSz7hrs0w3w==
  dependencies:
    p-defer "^1.0.0"

mem@^4.3.0:
  version "4.3.0"
  resolved "https://registry.yarnpkg.com/mem/-/mem-4.3.0.tgz#461af497bc4ae09608cdb2e60eefb69bff744178"
  integrity sha512-qX2bG48pTqYRVmDB37rn/6PT7LcR8T7oAX3bf99u1Tt1nzxYfxkgqDwUwolPlXweM0XzBOBFzSx4kfp7KP1s/w==
  dependencies:
    map-age-cleaner "^0.1.1"
    mimic-fn "^2.0.0"
    p-is-promise "^2.0.0"

mimic-fn@^2.0.0, mimic-fn@^2.1.0:
  version "2.1.0"
  resolved "https://registry.yarnpkg.com/mimic-fn/-/mimic-fn-2.1.0.tgz#7ed2c2ccccaf84d3ffcb7a69b57711fc2083401b"
  integrity sha512-OqbOk5oEQeAZ8WXWydlu9HJjz9WVdEIvamMCcXmuqUYjTknH/sqsWvhQ3vgwKFRR1HpjvNBKQ37nbJgYzGqGcg==

node-fetch@^2.6.0:
  version "2.6.0"
  resolved "https://registry.yarnpkg.com/node-fetch/-/node-fetch-2.6.0.tgz#e633456386d4aa55863f676a7ab0daa8fdecb0fd"
  integrity sha512-8dG4H5ujfvFiqDmVu9fQ5bOHUC15JMjMY/Zumv26oOvvVJjM67KF8koCWIabKQ1GJIa9r2mMZscBq/TbdOcmNA==

omit-empty@^1.0.0:
  version "1.0.0"
  resolved "https://registry.yarnpkg.com/omit-empty/-/omit-empty-1.0.0.tgz#827ad1fdc569511bb9fb3f038a9171a7f10d9040"
  integrity sha512-eaWd8kwqDyChgf7IYVyfZf2b9b9JOIhpAow4cegg8CVx29U2mZKgCvpfvOSeJctmRTqjGWTZeO2Us58ebDtQ4A==
  dependencies:
    kind-of "^6.0.2"

ow@^0.15.1:
  version "0.15.1"
  resolved "https://registry.yarnpkg.com/ow/-/ow-0.15.1.tgz#ad21bb4d4c46d4478b948522e36b214f6f13039d"
  integrity sha512-rwiuvCnk3Ug9T4s5oKzw3QXQSiTXlTUiQgHmZ9Ozw/37YzeX8LycosVKOtO3v5+fuARGmCgz9rVhaBJeGV+2bQ==
  dependencies:
    type-fest "^0.8.1"

p-defer@^1.0.0:
  version "1.0.0"
  resolved "https://registry.yarnpkg.com/p-defer/-/p-defer-1.0.0.tgz#9f6eb182f6c9aa8cd743004a7d4f96b196b0fb0c"
  integrity sha1-n26xgvbJqozXQwBKfU+WsZaw+ww=

p-is-promise@^2.0.0:
  version "2.1.0"
  resolved "https://registry.yarnpkg.com/p-is-promise/-/p-is-promise-2.1.0.tgz#918cebaea248a62cf7ffab8e3bca8c5f882fc42e"
  integrity sha512-Y3W0wlRPK8ZMRbNq97l4M5otioeA5lm1z7bkNkxCka8HSPjR0xRWmpCmc9utiaLP9Jb1eD8BgeIxTW4AIF45Pg==

p-memoize@^3.1.0:
  version "3.1.0"
  resolved "https://registry.yarnpkg.com/p-memoize/-/p-memoize-3.1.0.tgz#ac7587983c9e530139f969ca7b41ef40e93659aa"
  integrity sha512-e5tIvrsr7ydUUnxb534iQWtXxWgk/86IsH+H+nV4FHouIggBt4coXboKBt26o4lTu7JbEnGSeXdEsYR8BhAHFA==
  dependencies:
    mem "^4.3.0"
    mimic-fn "^2.1.0"

type-fest@^0.8.1:
  version "0.8.1"
  resolved "https://registry.yarnpkg.com/type-fest/-/type-fest-0.8.1.tgz#09e249ebde851d3b1e48d27c105444667f17b83d"
  integrity sha512-4dbzIzqvjtgiM5rw1k5rEHtBANKmdudhGyBEajN01fEyhaAIhsoKNy6y7+IN93IfpFtwY9iqi7kD+xwKhQsNJA==

typescript@^3.7.5:
  version "3.7.5"
  resolved "https://registry.yarnpkg.com/typescript/-/typescript-3.7.5.tgz#0692e21f65fd4108b9330238aac11dd2e177a1ae"
  integrity sha512-/P5lkRXkWHNAbcJIiHPfRoKqyd7bsyCma1hZNUGfn20qm64T6ZBlrzprymeu918H+mB/0rIg2gGK/BXkhhYgBw==
